Microsoft Visual Studio Solution File, Format Version 12.00
# Visual Studio Version 17
VisualStudioVersion = 17.13.35919.96
MinimumVisualStudioVersion = 10.0.40219.1
Project("{FAE04EC0-301F-11D3-BF4B-00C04F79EFBC}") = "AspNetCore_SmartPay-Web-API", "AspNetCore_SmartPay-Web-API\AspNetCore_SmartPay-Web-API.csproj", "{2CFD12E0-221C-4714-8237-C1FB3C489A3A}"
EndProject
Global
	GlobalSection(SolutionConfigurationPlatforms) = preSolution
		Debug|Any CPU = Debug|Any CPU
		Release|Any CPU = Release|Any CPU
	EndGlobalSection
	GlobalSection(ProjectConfigurationPlatforms) = postSolution
		{2CFD12E0-221C-4714-8237-C1FB3C489A3A}.Debug|Any CPU.ActiveCfg = Debug|Any CPU
		{2CFD12E0-221C-4714-8237-C1FB3C489A3A}.Debug|Any CPU.Build.0 = Debug|Any CPU
		{2CFD12E0-221C-4714-8237-C1FB3C489A3A}.Release|Any CPU.ActiveCfg = Release|Any CPU
		{2CFD12E0-221C-4714-8237-C1FB3C489A3A}.Release|Any CPU.Build.0 = Release|Any CPU
	EndGlobalSection
	GlobalSection(SolutionProperties) = preSolution
		HideSolutionNode = FALSE
	EndGlobalSection
	GlobalSection(ExtensibilityGlobals) = postSolution
		SolutionGuid = {613D9819-2024-490E-BEE8-D4F07235BCA5}
	EndGlobalSection
EndGlobal
